
Microsoft Visual Studio Solution File, Format Version 12.00
# Visual Studio Version 16
VisualStudioVersion = 16.0.29102.190
MinimumVisualStudioVersion = 10.0.40219.1
Project("{9A19103F-16F7-4668-BE54-9A1E7A4F7556}") = "RazorPage", "RazorPage.csproj", "{D4FB2E9B-A8CF-43B3-AC2F-A2D596A02706}"
EndProject
Global
	GlobalSection(SolutionConfigurationPlatforms) = preSolution
		Debug|Any CPU = Debug|Any CPU
		Release|Any CPU = Release|Any CPU
	EndGlobalSection
	GlobalSection(ProjectConfigurationPlatforms) = postSolution
		{D4FB2E9B-A8CF-43B3-AC2F-A2D596A02706}.Debug|Any CPU.ActiveCfg = Debug|Any CPU
		{D4FB2E9B-A8CF-43B3-AC2F-A2D596A02706}.Debug|Any CPU.Build.0 = Debug|Any CPU
		{D4FB2E9B-A8CF-43B3-AC2F-A2D596A02706}.Release|Any CPU.ActiveCfg = Release|Any CPU
		{D4FB2E9B-A8CF-43B3-AC2F-A2D596A02706}.Release|Any CPU.Build.0 = Release|Any CPU
	EndGlobalSection
	GlobalSection(SolutionProperties) = preSolution
		HideSolutionNode = FALSE
	EndGlobalSection
	GlobalSection(ExtensibilityGlobals) = postSolution
		SolutionGuid = {615EE520-D273-47D4-AB25-F699F6996A64}
	EndGlobalSection
EndGlobal
